schema: '2.0'
stages:
  prepare:
    cmd: python src/prepare.py
    deps:
    - path: src/prepare.py
      hash: md5
      md5: 16908f43e1207b61285408dae7553306
      size: 674
    outs:
    - path: data/raw
      hash: md5
      md5: 23b0000338669d2c61217dbd94633aa0.dir
      size: 54950512
      nfiles: 4
  preprocess:
    cmd: python src/preprocess.py
    deps:
    - path: data/raw
      hash: md5
      md5: 23b0000338669d2c61217dbd94633aa0.dir
      size: 54950512
      nfiles: 4
    - path: params.yaml
      hash: md5
      md5: 87504dad904704cbd8c2fdd7c9b6b73e
      size: 149
    - path: src/preprocess.py
      hash: md5
      md5: c1fc8cb427ac1fcfafc87585bb2cc085
      size: 1399
    params:
      params.yaml:
        preprocess.seed: 42
        preprocess.test_size: 0.1
  train:
    cmd: python src/train.py
    deps:
    - path: data/processed
      hash: md5
      md5: 0fb6abb08094110b39a706236e9b5a26.dir
      size: 219590768
      nfiles: 6
    - path: params.yaml
      hash: md5
      md5: 87504dad904704cbd8c2fdd7c9b6b73e
      size: 149
    - path: src/train.py
      hash: md5
      md5: f34c94ced4d75c50139a1bd078318f09
      size: 1668
    params:
      params.yaml:
        train.batch_size: 128
        train.dense_units: 128
        train.dropout_rate: 0.2
        train.epochs: 10
        train.learning_rate: 0.001
    outs:
    - path: models/history.csv
      hash: md5
      md5: 265cee12295c924e6fa88733a32e8f4c
      size: 810
    - path: models/model.h5
      hash: md5
      md5: 46d0395cd7b0ad095ed8b181e82e2b5d
      size: 1245272
  evaluate:
    cmd: python src/evaluate.py
    deps:
    - path: data/processed
      hash: md5
      md5: 0fb6abb08094110b39a706236e9b5a26.dir
      size: 219590768
      nfiles: 6
    - path: models/model.h5
      hash: md5
      md5: 46d0395cd7b0ad095ed8b181e82e2b5d
      size: 1245272
    - path: src/evaluate.py
      hash: md5
      md5: e2d13e642b06b0c614b27c8ee127290f
      size: 1234
    outs:
    - path: confusion_matrix.png
      hash: md5
      md5: 8e02c90881cae1364325099cf8292863
      size: 48562
    - path: metrics.json
      hash: md5
      md5: bf745c9782c6f6f37a5d57c228a812d8
      size: 83
