schema: '2.0'
stages:
  prepare:
    cmd: python src/prepare.py
    deps:
    - path: src/prepare.py
      hash: md5
      md5: 16908f43e1207b61285408dae7553306
      size: 674
    outs:
    - path: data/raw
      hash: md5
      md5: 23b0000338669d2c61217dbd94633aa0.dir
      size: 54950512
      nfiles: 4
  preprocess:
    cmd: python src/preprocess.py
    deps:
    - path: data/raw
      hash: md5
      md5: 23b0000338669d2c61217dbd94633aa0.dir
      size: 54950512
      nfiles: 4
    - path: params.yaml
      hash: md5
      md5: 87504dad904704cbd8c2fdd7c9b6b73e
      size: 149
    - path: src/preprocess.py
      hash: md5
      md5: ce7a8aaadd27ceb781c4d8be097ccdb5
      size: 1371
    params:
      params.yaml:
        preprocess.seed: 42
        preprocess.test_size: 0.1
    outs:
    - path: data/processed
      hash: md5
      md5: 12be1216b23b003beee7cc6125a0222b.dir
      size: 219590768
      nfiles: 6
  train:
    cmd: python src/train.py
    deps:
    - path: data/processed
      hash: md5
      md5: 12be1216b23b003beee7cc6125a0222b.dir
      size: 219590768
      nfiles: 6
    - path: params.yaml
      hash: md5
      md5: 87504dad904704cbd8c2fdd7c9b6b73e
      size: 149
    - path: src/train.py
      hash: md5
      md5: f34c94ced4d75c50139a1bd078318f09
      size: 1668
    params:
      params.yaml:
        train.batch_size: 128
        train.dense_units: 128
        train.dropout_rate: 0.2
        train.epochs: 10
        train.learning_rate: 0.001
    outs:
    - path: models/history.csv
      hash: md5
      md5: d7b664ff62fd81220f416ea16e172c92
      size: 811
    - path: models/model.h5
      hash: md5
      md5: c5a3d6b0eb363b1986e3f3d481dd0bdd
      size: 1245272
  evaluate:
    cmd: python src/evaluate.py
    deps:
    - path: data/processed
      hash: md5
      md5: 12be1216b23b003beee7cc6125a0222b.dir
      size: 219590768
      nfiles: 6
    - path: models/model.h5
      hash: md5
      md5: c5a3d6b0eb363b1986e3f3d481dd0bdd
      size: 1245272
    - path: src/evaluate.py
      hash: md5
      md5: e2d13e642b06b0c614b27c8ee127290f
      size: 1234
    outs:
    - path: confusion_matrix.png
      hash: md5
      md5: 7a5d10369ef4a4cbe677b18705829da4
      size: 48279
    - path: metrics.json
      hash: md5
      md5: 88be2d0d900b50fc9c3b6e90c15bb4b7
      size: 84
